
Microsoft Visual Studio Solution File, Format Version 12.00
# Visual Studio Version 17
VisualStudioVersion = 17.13.35913.81
MinimumVisualStudioVersion = 10.0.40219.1
Project("{FAE04EC0-301F-11D3-BF4B-00C04F79EFBC}") = "Rcon.Ui", "Rcon.Ui\Rcon.Ui.csproj", "{60A47031-BC08-458C-8156-9962D3E24A20}"
EndProject
Project("{FAE04EC0-301F-11D3-BF4B-00C04F79EFBC}") = "Rcon.Client", "Rcon.Client\Rcon.Client.csproj", "{A65B9D2A-3E5C-4282-A976-5DA9AAB3EEA7}"
EndProject
Project("{FAE04EC0-301F-11D3-BF4B-00C04F79EFBC}") = "Rcon.Parser", "Rcon.Parser\Rcon.Parser.csproj", "{1E6822DF-ECD5-2C56-34BB-C7DD44E43154}"
EndProject
Global
	GlobalSection(SolutionConfigurationPlatforms) = preSolution
		Debug|Any CPU = Debug|Any CPU
		Debug|x64 = Debug|x64
		Release|Any CPU = Release|Any CPU
		Release|x64 = Release|x64
	EndGlobalSection
	GlobalSection(ProjectConfigurationPlatforms) = postSolution
		{60A47031-BC08-458C-8156-9962D3E24A20}.Debug|Any CPU.ActiveCfg = Debug|Any CPU
		{60A47031-BC08-458C-8156-9962D3E24A20}.Debug|Any CPU.Build.0 = Debug|Any CPU
		{60A47031-BC08-458C-8156-9962D3E24A20}.Debug|Any CPU.Deploy.0 = Debug|Any CPU
		{60A47031-BC08-458C-8156-9962D3E24A20}.Debug|x64.ActiveCfg = Debug|x64
		{60A47031-BC08-458C-8156-9962D3E24A20}.Debug|x64.Build.0 = Debug|x64
		{60A47031-BC08-458C-8156-9962D3E24A20}.Release|Any CPU.ActiveCfg = Release|Any CPU
		{60A47031-BC08-458C-8156-9962D3E24A20}.Release|Any CPU.Build.0 = Release|Any CPU
		{60A47031-BC08-458C-8156-9962D3E24A20}.Release|Any CPU.Deploy.0 = Release|Any CPU
		{60A47031-BC08-458C-8156-9962D3E24A20}.Release|x64.ActiveCfg = Release|x64
		{60A47031-BC08-458C-8156-9962D3E24A20}.Release|x64.Build.0 = Release|x64
		{A65B9D2A-3E5C-4282-A976-5DA9AAB3EEA7}.Debug|Any CPU.ActiveCfg = Debug|Any CPU
		{A65B9D2A-3E5C-4282-A976-5DA9AAB3EEA7}.Debug|Any CPU.Build.0 = Debug|Any CPU
		{A65B9D2A-3E5C-4282-A976-5DA9AAB3EEA7}.Debug|x64.ActiveCfg = Debug|Any CPU
		{A65B9D2A-3E5C-4282-A976-5DA9AAB3EEA7}.Debug|x64.Build.0 = Debug|Any CPU
		{A65B9D2A-3E5C-4282-A976-5DA9AAB3EEA7}.Release|Any CPU.ActiveCfg = Release|Any CPU
		{A65B9D2A-3E5C-4282-A976-5DA9AAB3EEA7}.Release|Any CPU.Build.0 = Release|Any CPU
		{A65B9D2A-3E5C-4282-A976-5DA9AAB3EEA7}.Release|x64.ActiveCfg = Release|Any CPU
		{A65B9D2A-3E5C-4282-A976-5DA9AAB3EEA7}.Release|x64.Build.0 = Release|Any CPU
		{1E6822DF-ECD5-2C56-34BB-C7DD44E43154}.Debug|Any CPU.ActiveCfg = Debug|Any CPU
		{1E6822DF-ECD5-2C56-34BB-C7DD44E43154}.Debug|Any CPU.Build.0 = Debug|Any CPU
		{1E6822DF-ECD5-2C56-34BB-C7DD44E43154}.Debug|x64.ActiveCfg = Debug|Any CPU
		{1E6822DF-ECD5-2C56-34BB-C7DD44E43154}.Debug|x64.Build.0 = Debug|Any CPU
		{1E6822DF-ECD5-2C56-34BB-C7DD44E43154}.Release|Any CPU.ActiveCfg = Release|Any CPU
		{1E6822DF-ECD5-2C56-34BB-C7DD44E43154}.Release|Any CPU.Build.0 = Release|Any CPU
		{1E6822DF-ECD5-2C56-34BB-C7DD44E43154}.Release|x64.ActiveCfg = Release|Any CPU
		{1E6822DF-ECD5-2C56-34BB-C7DD44E43154}.Release|x64.Build.0 = Release|Any CPU
	EndGlobalSection
	GlobalSection(SolutionProperties) = preSolution
		HideSolutionNode = FALSE
	EndGlobalSection
	GlobalSection(ExtensibilityGlobals) = postSolution
		SolutionGuid = {5A22E4A4-B26F-4908-9B41-C4A60C66BF9A}
	EndGlobalSection
EndGlobal
